
Microsoft Visual Studio Solution File, Format Version 12.00
# Visual Studio 2012
Project("{FAE04EC0-301F-11D3-BF4B-00C04F79EFBC}") = "sdferw34", "sdferw34\sdferw34.csproj", "{727C51D7-586F-44E5-BDA6-0BD85E38433B}"
EndProject
Global
	GlobalSection(SolutionConfigurationPlatforms) = preSolution
		Debug|Any CPU = Debug|Any CPU
		Release|Any CPU = Release|Any CPU
	EndGlobalSection
	GlobalSection(ProjectConfigurationPlatforms) = postSolution
		{727C51D7-586F-44E5-BDA6-0BD85E38433B}.Debug|Any CPU.ActiveCfg = Debug|Any CPU
		{727C51D7-586F-44E5-BDA6-0BD85E38433B}.Debug|Any CPU.Build.0 = Debug|Any CPU
		{727C51D7-586F-44E5-BDA6-0BD85E38433B}.Release|Any CPU.ActiveCfg = Release|Any CPU
		{727C51D7-586F-44E5-BDA6-0BD85E38433B}.Release|Any CPU.Build.0 = Release|Any CPU
	EndGlobalSection
	GlobalSection(MonoDevelopProperties) = preSolution
		StartupItem = sdferw34\sdferw34.csproj
	EndGlobalSection
EndGlobal
